{
  "name": "dai-group3game",
  "version": "1.0.0",
  "lockfileVersion": 3,
  "requires": true,
  "packages": {
    "": {
      "name": "dai-group3game",
      "version": "1.0.0",
      "license": "ISC",
      "dependencies": {
        "@babel/parser": "^8.0.4",
        "recast": "^0.23.19"
      },
      "devDependencies": {
        "electron": "^43.2.0"
      }
    },
    "node_modules/@babel/helper-string-parser": {
      "version": "8.0.0",
      "resolved": "https://registry.npmjs.org/@babel/helper-string-parser/-/helper-string-parser-8.0.0.tgz",
      "integrity": "sha512-6mJgmFFFIIO82vvoLt9XtRC7/TkzXfts1t/SpRX4IHSzMgqoPYCWesVu1udUPUWioAE/2fcG6WuI8zrkE1gwrg==",
      "license": "MIT",
      "engines": {
        "node": "^22.18.0 || >=24.11.0"
      }
    },
    "node_modules/@babel/helper-validator-identifier": {
      "version": "8.0.4",
      "resolved": "https://registry.npmjs.org/@babel/helper-validator-identifier/-/helper-validator-identifier-8.0.4.tgz",
      "integrity": "sha512-4wFaiLd0bVo4cIoTXI3zKI038NIWE/cr3jvBjejOVYVxV/m8Ltav1USiGzG1fmS5J2RhgEOgXNNK46cRPnRsrg==",
      "license": "MIT",
      "engines": {
        "node": "^22.18.0 || >=24.11.0"
      }
    },
    "node_modules/@babel/parser": {
      "version": "8.0.4",
      "resolved": "https://registry.npmjs.org/@babel/parser/-/parser-8.0.4.tgz",
      "integrity": "sha512-srpptsAkEbbNIC/q8nT7o+m6CQe8CJUTV/t7MYc9NnWlgYVtHOb7JH6SorxMhN0kuRJjVqXbKClG6xSbPtzz+g==",
      "license": "MIT",
      "dependencies": {
        "@babel/types": "^8.0.4"
      },
      "bin": {
        "parser": "bin/babel-parser.js"
      },
      "engines": {
        "node": "^22.18.0 || >=24.11.0"
      }
    },
    "node_modules/@babel/types": {
      "version": "8.0.4",
      "resolved": "https://registry.npmjs.org/@babel/types/-/types-8.0.4.tgz",
      "integrity": "sha512-eY+Yn3dCqTGmyiq2QRU66lA5FL8lqqqvecHt0fF3uHONIa7ToYsaCiWV8lOKqAs0Rb2SjixiKFROngnulPtt2g==",
      "license": "MIT",
      "dependencies": {
        "@babel/helper-string-parser": "^8.0.0",
        "@babel/helper-validator-identifier": "^8.0.4"
      },
      "engines": {
        "node": "^22.18.0 || >=24.11.0"
      }
    },
    "node_modules/@electron-internal/extract-zip": {
      "version": "1.0.5",
      "resolved": "https://registry.npmjs.org/@electron-internal/extract-zip/-/extract-zip-1.0.5.tgz",
      "integrity": "sha512-+bqFCP98pLI0Tt0XQo1TmlXtwjWchISndDOxCkEcIuUgXWpBnLyRI+2DU+mesvnMMX6L1XDqYNA0lXNDHd/yiA==",
      "dev": true,
      "license": "BSD-2-Clause",
      "engines": {
        "node": ">=22.12.0"
      }
    },
    "node_modules/@electron/get": {
      "version": "5.1.0",
      "resolved": "https://registry.npmjs.org/@electron/get/-/get-5.1.0.tgz",
      "integrity": "sha512-3kSBtG8ObcTVfXanm5vVJ6UnBLEVmVsRk1M+vGqCuMBV+XLCbJYuWQful+yIy0GQDsSlK0kHEriEHn7SPk4EnA==",
      "dev": true,
      "license": "MIT",
      "dependencies": {
        "debug": "^4.1.1",
        "env-paths": "^3.0.0",
        "graceful-fs": "^4.2.11",
        "progress": "^2.0.3",
        "semver": "^7.6.3",
        "sumchecker": "^3.0.1"
      },
      "engines": {
        "node": ">=22.12.0"
      },
      "optionalDependencies": {
        "undici": "^7.24.4"
      }
    },
    "node_modules/@types/node": {
      "version": "24.13.3",
      "resolved": "https://registry.npmjs.org/@types/node/-/node-24.13.3.tgz",
      "integrity": "sha512-Dh8vAsV36ig5wa9OX4pXvMc9D3Veibfw2wix0CUwYODLD8nkj9UsLjASr49nPg+2eKzxhBV+v7L8pXvT4e639Q==",
      "dev": true,
      "license": "MIT",
      "dependencies": {
        "undici-types": "~7.18.0"
      }
    },
    "node_modules/ast-types": {
      "version": "0.16.1",
      "resolved": "https://registry.npmjs.org/ast-types/-/ast-types-0.16.1.tgz",
      "integrity": "sha512-6t10qk83GOG8p0vKmaCr8eiilZwO171AvbROMtvvNiwrTly62t+7XkA8RdIIVbpMhCASAsxgAzdRSwh6nw/5Dg==",
      "license": "MIT",
      "dependencies": {
        "tslib": "^2.0.1"
      },
      "engines": {
        "node": ">=4"
      }
    },
    "node_modules/debug": {
      "version": "4.4.3",
      "resolved": "https://registry.npmjs.org/debug/-/debug-4.4.3.tgz",
      "integrity": "sha512-RGwwWnwQvkVfavKVt22FGLw+xYSdzARwm0ru6DhTVA3umU5hZc28V3kO4stgYryrTlLpuvgI9GiijltAjNbcqA==",
      "dev": true,
      "license": "MIT",
      "dependencies": {
        "ms": "^2.1.3"
      },
      "engines": {
        "node": ">=6.0"
      },
      "peerDependenciesMeta": {
        "supports-color": {
          "optional": true
        }
      }
    },
    "node_modules/electron": {
      "version": "43.2.0",
      "resolved": "https://registry.npmjs.org/electron/-/electron-43.2.0.tgz",
      "integrity": "sha512-80zvrgG7ZRXD+tD0IyLvrnN9n+veSxadMRsMaC9wKKP3iUbtC7rGM8+dVuCmOb0Rrwwv8ESW4awnUZh9Hbp1fA==",
      "dev": true,
      "license": "MIT",
      "dependencies": {
        "@electron-internal/extract-zip": "^1.0.1",
        "@electron/get": "^5.0.0",
        "@types/node": "^24.9.0"
      },
      "bin": {
        "electron": "cli.js",
        "install-electron": "install.js"
      },
      "engines": {
        "node": ">= 22.12.0"
      }
    },
    "node_modules/env-paths": {
      "version": "3.0.0",
      "resolved": "https://registry.npmjs.org/env-paths/-/env-paths-3.0.0.tgz",
      "integrity": "sha512-dtJUTepzMW3Lm/NPxRf3wP4642UWhjL2sQxc+ym2YMj1m/H2zDNQOlezafzkHwn6sMstjHTwG6iQQsctDW/b1A==",
      "dev": true,
      "license": "MIT",
      "engines": {
        "node": "^12.20.0 || ^14.13.1 || >=16.0.0"
      },
      "funding": {
        "url": "https://github.com/sponsors/sindresorhus"
      }
    },
    "node_modules/esprima": {
      "version": "4.0.1",
      "resolved": "https://registry.npmjs.org/esprima/-/esprima-4.0.1.tgz",
      "integrity": "sha512-eGuFFw7Upda+g4p+QHvnW0RyTX/SVeJBDM/gCtMARO0cLuT2HcEKnTPvhjV6aGeqrCB/sbNop0Kszm0jsaWU4A==",
      "license": "BSD-2-Clause",
      "bin": {
        "esparse": "bin/esparse.js",
        "esvalidate": "bin/esvalidate.js"
      },
      "engines": {
        "node": ">=4"
      }
    },
    "node_modules/graceful-fs": {
      "version": "4.2.11",
      "resolved": "https://registry.npmjs.org/graceful-fs/-/graceful-fs-4.2.11.tgz",
      "integrity": "sha512-RbJ5/jmFcNNCcDV5o9eTnBLJ/HszWV0P73bc+Ff4nS/rJj+YaS6IGyiOL0VoBYX+l1Wrl3k63h/KrH+nhJ0XvQ==",
      "dev": true,
      "license": "ISC"
    },
    "node_modules/ms": {
      "version": "2.1.3",
      "resolved": "https://registry.npmjs.org/ms/-/ms-2.1.3.tgz",
      "integrity": "sha512-6FlzubTLZG3J2a/NVCAleEhjzq5oxgHyaCU9yYXvcLsvoVaHJq/s5xXI6/XXP6tz7R9xAOtHnSO/tXtF3WRTlA==",
      "dev": true,
      "license": "MIT"
    },
    "node_modules/progress": {
      "version": "2.0.3",
      "resolved": "https://registry.npmjs.org/progress/-/progress-2.0.3.tgz",
      "integrity": "sha512-7PiHtLll5LdnKIMw100I+8xJXR5gW2QwWYkT6iJva0bXitZKa/XMrSbdmg3r2Xnaidz9Qumd0VPaMrZlF9V9sA==",
      "dev": true,
      "license": "MIT",
      "engines": {
        "node": ">=0.4.0"
      }
    },
    "node_modules/recast": {
      "version": "0.23.19",
      "resolved": "https://registry.npmjs.org/recast/-/recast-0.23.19.tgz",
      "integrity": "sha512-T98lym7kH+pnZmRaD8yDRdaNqyUbwnbEBx0MuchrzMFOEMray4AO3ZJoTUZ5r78Ao78X/OhzW0DL8GB85w/I2w==",
      "license": "MIT",
      "dependencies": {
        "ast-types": "^0.16.1",
        "esprima": "~4.0.0",
        "source-map": "~0.6.1",
        "tiny-invariant": "^1.3.3",
        "tslib": "^2.0.1"
      },
      "engines": {
        "node": ">= 4"
      }
    },
    "node_modules/semver": {
      "version": "7.8.5",
      "resolved": "https://registry.npmjs.org/semver/-/semver-7.8.5.tgz",
      "integrity": "sha512-Y7/KDsb8LjooZpwaqGyulO6DQlksgCncchHGk+sZIY4SBvUocMBEFH5Ur1fI4dV+Jvl0w6cjvucaIi40puRioA==",
      "dev": true,
      "license": "ISC",
      "bin": {
        "semver": "bin/semver.js"
      },
      "engines": {
        "node": ">=10"
      }
    },
    "node_modules/source-map": {
      "version": "0.6.1",
      "resolved": "https://registry.npmjs.org/source-map/-/source-map-0.6.1.tgz",
      "integrity": "sha512-UjgapumWlbMhkBgzT7Ykc5YXUT46F0iKu8SGXq0bcwP5dz/h0Plj6enJqjz1Zbq2l5WaqYnrVbwWOWMyF3F47g==",
      "license": "BSD-3-Clause",
      "engines": {
        "node": ">=0.10.0"
      }
    },
    "node_modules/sumchecker": {
      "version": "3.0.1",
      "resolved": "https://registry.npmjs.org/sumchecker/-/sumchecker-3.0.1.tgz",
      "integrity": "sha512-MvjXzkz/BOfyVDkG0oFOtBxHX2u3gKbMHIF/dXblZsgD3BWOFLmHovIpZY7BykJdAjcqRCBi1WYBNdEC9yI7vg==",
      "dev": true,
      "license": "Apache-2.0",
      "dependencies": {
        "debug": "^4.1.0"
      },
      "engines": {
        "node": ">= 8.0"
      }
    },
    "node_modules/tiny-invariant": {
      "version": "1.3.3",
      "resolved": "https://registry.npmjs.org/tiny-invariant/-/tiny-invariant-1.3.3.tgz",
      "integrity": "sha512-+FbBPE1o9QAYvviau/qC5SE3caw21q3xkvWKBtja5vgqOWIHHJ3ioaq1VPfn/Szqctz2bU/oYeKd9/z5BL+PVg==",
      "license": "MIT"
    },
    "node_modules/tslib": {
      "version": "2.8.1",
      "resolved": "https://registry.npmjs.org/tslib/-/tslib-2.8.1.tgz",
      "integrity": "sha512-oJFu94HQb+KVduSUQL7wnpmqnfmLsOA/nAh6b6EH0wCEoK0/mPeXU6c3wKDV83MkOuHPRHtSXKKU99IBazS/2w==",
      "license": "0BSD"
    },
    "node_modules/undici": {
      "version": "7.29.0",
      "resolved": "https://registry.npmjs.org/undici/-/undici-7.29.0.tgz",
      "integrity": "sha512-IDxfleLmmbSskfWSUATiN1nfn2rDuvnMOqb5CWR92iIfojA0Ud+ulOAAEQ57LPr9rWmsreUyf5lwyao+7GNNVw==",
      "dev": true,
      "license": "MIT",
      "optional": true,
      "engines": {
        "node": ">=20.18.1"
      }
    },
    "node_modules/undici-types": {
      "version": "7.18.2",
      "resolved": "https://registry.npmjs.org/undici-types/-/undici-types-7.18.2.tgz",
      "integrity": "sha512-AsuCzffGHJybSaRrmr5eHr81mwJU3kjw6M+uprWvCXiNeN9SOGwQ3Jn8jb8m3Z6izVgknn1R0FTCEAP2QrLY/w==",
      "dev": true,
      "license": "MIT"
    }
  }
}
